
Microsoft Visual Studio Solution File, Format Version 12.00
# Visual Studio 2013
VisualStudioVersion = 12.0.30501.0
MinimumVisualStudioVersion = 10.0.40219.1
Project("{FAE04EC0-301F-11D3-BF4B-00C04F79EFBC}") = "DT.Model", "DT.Model\DT.Model.csproj", "{2C2D683D-751D-43C1-8AFD-B4687ACF7E8D}"
EndProject
Project("{FAE04EC0-301F-11D3-BF4B-00C04F79EFBC}") = "DT.Data", "DT.Data\DT.Data.csproj", "{DE096CCF-18C3-45D5-BE31-E27B9E209A8A}"
EndProject
Project("{FAE04EC0-301F-11D3-BF4B-00C04F79EFBC}") = "DT.Data.Tests", "DT.Data.Tests\DT.Data.Tests.csproj", "{EEF8E333-E798-4E7B-8BE5-11B15334EA71}"
EndProject
Project("{FAE04EC0-301F-11D3-BF4B-00C04F79EFBC}") = "DT.Desktop", "DT.Desktop\DT.Desktop.csproj", "{72B3D210-5886-4D03-806E-F5EEE7237C82}"
EndProject
Project("{FAE04EC0-301F-11D3-BF4B-00C04F79EFBC}") = "DT.Webs", "DT.Webs\DT.Webs.csproj", "{2A9767DE-BA88-4202-891A-FEAE03DA4D26}"
EndProject
Project("{FAE04EC0-301F-11D3-BF4B-00C04F79EFBC}") = "DT.Webs.Tests", "DT.Webs.Tests\DT.Webs.Tests.csproj", "{730BED47-DDD4-4782-89B5-806EE4C6CD9B}"
EndProject
Global
	GlobalSection(SolutionConfigurationPlatforms) = preSolution
		Debug|Any CPU = Debug|Any CPU
		Release|Any CPU = Release|Any CPU
	EndGlobalSection
	GlobalSection(ProjectConfigurationPlatforms) = postSolution
		{2C2D683D-751D-43C1-8AFD-B4687ACF7E8D}.Debug|Any CPU.ActiveCfg = Debug|Any CPU
		{2C2D683D-751D-43C1-8AFD-B4687ACF7E8D}.Debug|Any CPU.Build.0 = Debug|Any CPU
		{2C2D683D-751D-43C1-8AFD-B4687ACF7E8D}.Release|Any CPU.ActiveCfg = Release|Any CPU
		{2C2D683D-751D-43C1-8AFD-B4687ACF7E8D}.Release|Any CPU.Build.0 = Release|Any CPU
		{DE096CCF-18C3-45D5-BE31-E27B9E209A8A}.Debug|Any CPU.ActiveCfg = Debug|Any CPU
		{DE096CCF-18C3-45D5-BE31-E27B9E209A8A}.Debug|Any CPU.Build.0 = Debug|Any CPU
		{DE096CCF-18C3-45D5-BE31-E27B9E209A8A}.Release|Any CPU.ActiveCfg = Release|Any CPU
		{DE096CCF-18C3-45D5-BE31-E27B9E209A8A}.Release|Any CPU.Build.0 = Release|Any CPU
		{EEF8E333-E798-4E7B-8BE5-11B15334EA71}.Debug|Any CPU.ActiveCfg = Debug|Any CPU
		{EEF8E333-E798-4E7B-8BE5-11B15334EA71}.Debug|Any CPU.Build.0 = Debug|Any CPU
		{EEF8E333-E798-4E7B-8BE5-11B15334EA71}.Release|Any CPU.ActiveCfg = Release|Any CPU
		{EEF8E333-E798-4E7B-8BE5-11B15334EA71}.Release|Any CPU.Build.0 = Release|Any CPU
		{72B3D210-5886-4D03-806E-F5EEE7237C82}.Debug|Any CPU.ActiveCfg = Debug|Any CPU
		{72B3D210-5886-4D03-806E-F5EEE7237C82}.Debug|Any CPU.Build.0 = Debug|Any CPU
		{72B3D210-5886-4D03-806E-F5EEE7237C82}.Release|Any CPU.ActiveCfg = Release|Any CPU
		{72B3D210-5886-4D03-806E-F5EEE7237C82}.Release|Any CPU.Build.0 = Release|Any CPU
		{2A9767DE-BA88-4202-891A-FEAE03DA4D26}.Debug|Any CPU.ActiveCfg = Debug|Any CPU
		{2A9767DE-BA88-4202-891A-FEAE03DA4D26}.Debug|Any CPU.Build.0 = Debug|Any CPU
		{2A9767DE-BA88-4202-891A-FEAE03DA4D26}.Release|Any CPU.ActiveCfg = Release|Any CPU
		{2A9767DE-BA88-4202-891A-FEAE03DA4D26}.Release|Any CPU.Build.0 = Release|Any CPU
		{730BED47-DDD4-4782-89B5-806EE4C6CD9B}.Debug|Any CPU.ActiveCfg = Debug|Any CPU
		{730BED47-DDD4-4782-89B5-806EE4C6CD9B}.Debug|Any CPU.Build.0 = Debug|Any CPU
		{730BED47-DDD4-4782-89B5-806EE4C6CD9B}.Release|Any CPU.ActiveCfg = Release|Any CPU
		{730BED47-DDD4-4782-89B5-806EE4C6CD9B}.Release|Any CPU.Build.0 = Release|Any CPU
	EndGlobalSection
	GlobalSection(SolutionProperties) = preSolution
		HideSolutionNode = FALSE
	EndGlobalSection
EndGlobal
